// !$*UTF8*$!
{
	archiveVersion = 1;
	classes = {
	};
	objectVersion = 56;
	objects = {

/* Begin PBXBuildFile section */
		3B55FA042B58003900A67F54 /* BarChartAppApp.swift in Sources */ = {isa = PBXBuildFile; fileRef = 3B55FA032B58003900A67F54 /* BarChartAppApp.swift */; };
		3B55FA062B58003900A67F54 /* ContentView.swift in Sources */ = {isa = PBXBuildFile; fileRef = 3B55FA052B58003900A67F54 /* ContentView.swift */; };
		3B55FA082B58003A00A67F54 /* Assets.xcassets in Resources */ = {isa = PBXBuildFile; fileRef = 3B55FA072B58003A00A67F54 /* Assets.xcassets */; };
		3B55FA0B2B58003A00A67F54 /* Preview Assets.xcassets in Resources */ = {isa = PBXBuildFile; fileRef = 3B55FA0A2B58003A00A67F54 /* Preview Assets.xcassets */; };
		3B55FA0D2B58003A00A67F54 /* Persistence.swift in Sources */ = {isa = PBXBuildFile; fileRef = 3B55FA0C2B58003A00A67F54 /* Persistence.swift */; };
		3B55FA102B58003A00A67F54 /* BarChartApp.xcdatamodeld in Sources */ = {isa = PBXBuildFile; fileRef = 3B55FA0E2B58003A00A67F54 /* BarChartApp.xcdatamodeld */; };
		3B55FA1A2B58003A00A67F54 /* BarChartAppTests.swift in Sources */ = {isa = PBXBuildFile; fileRef = 3B55FA192B58003A00A67F54 /* BarChartAppTests.swift */; };
		3B55FA242B58003A00A67F54 /* BarChartAppUITests.swift in Sources */ = {isa = PBXBuildFile; fileRef = 3B55FA232B58003A00A67F54 /* BarChartAppUITests.swift */; };
		3B55FA262B58003A00A67F54 /* BarChartAppUITestsLaunchTests.swift in Sources */ = {isa = PBXBuildFile; fileRef = 3B55FA252B58003A00A67F54 /* BarChartAppUITestsLaunchTests.swift */; };
/* End PBXBuildFile section */

/* Begin PBXContainerItemProxy section */
		3B55FA162B58003A00A67F54 /* PBXContainerItemProxy */ = {
			isa = PBXContainerItemProxy;
			containerPortal = 3B55F9F82B58003900A67F54 /* Project object */;
			proxyType = 1;
			remoteGlobalIDString = 3B55F9FF2B58003900A67F54;
			remoteInfo = BarChartApp;
		};
		3B55FA202B58003A00A67F54 /* PBXContainerItemProxy */ = {
			isa = PBXContainerItemProxy;
			containerPortal = 3B55F9F82B58003900A67F54 /* Project object */;
			proxyType = 1;
			remoteGlobalIDString = 3B55F9FF2B58003900A67F54;
			remoteInfo = BarChartApp;
		};
/* End PBXContainerItemProxy section */

/* Begin PBXFileReference section */
		3B55FA002B58003900A67F54 /* BarChartApp.app */ = {isa = PBXFileReference; explicitFileType = wrapper.application; includeInIndex = 0; path = BarChartApp.app; sourceTree = BUILT_PRODUCTS_DIR; };
		3B55FA032B58003900A67F54 /* BarChartAppApp.swift */ = {isa = PBXFileReference; lastKnownFileType = sourcecode.swift; path = BarChartAppApp.swift; sourceTree = "<group>"; };
		3B55FA052B58003900A67F54 /* ContentView.swift */ = {isa = PBXFileReference; lastKnownFileType = sourcecode.swift; path = ContentView.swift; sourceTree = "<group>"; };
		3B55FA072B58003A00A67F54 /* Assets.xcassets */ = {isa = PBXFileReference; lastKnownFileType = folder.assetcatalog; path = Assets.xcassets; sourceTree = "<group>"; };
		3B55FA0A2B58003A00A67F54 /* Preview Assets.xcassets */ = {isa = PBXFileReference; lastKnownFileType = folder.assetcatalog; path = "Preview Assets.xcassets"; sourceTree = "<group>"; };
		3B55FA0C2B58003A00A67F54 /* Persistence.swift */ = {isa = PBXFileReference; lastKnownFileType = sourcecode.swift; path = Persistence.swift; sourceTree = "<group>"; };
		3B55FA0F2B58003A00A67F54 /* BarChartApp.xcdatamodel */ = {isa = PBXFileReference; lastKnownFileType = wrapper.xcdatamodel; path = BarChartApp.xcdatamodel; sourceTree = "<group>"; };
		3B55FA152B58003A00A67F54 /* BarChartAppTests.xctest */ = {isa = PBXFileReference; explicitFileType = wrapper.cfbundle; includeInIndex = 0; path = BarChartAppTests.xctest; sourceTree = BUILT_PRODUCTS_DIR; };
		3B55FA192B58003A00A67F54 /* BarChartAppTests.swift */ = {isa = PBXFileReference; lastKnownFileType = sourcecode.swift; path = BarChartAppTests.swift; sourceTree = "<group>"; };
		3B55FA1F2B58003A00A67F54 /* BarChartAppUITests.xctest */ = {isa = PBXFileReference; explicitFileType = wrapper.cfbundle; includeInIndex = 0; path = BarChartAppUITests.xctest; sourceTree = BUILT_PRODUCTS_DIR; };
		3B55FA232B58003A00A67F54 /* BarChartAppUITests.swift */ = {isa = PBXFileReference; lastKnownFileType = sourcecode.swift; path = BarChartAppUITests.swift; sourceTree = "<group>"; };
		3B55FA252B58003A00A67F54 /* BarChartAppUITestsLaunchTests.swift */ = {isa = PBXFileReference; lastKnownFileType = sourcecode.swift; path = BarChartAppUITestsLaunchTests.swift; sourceTree = "<group>"; };
/* End PBXFileReference section */

/* Begin PBXFrameworksBuildPhase section */
		3B55F9FD2B58003900A67F54 /* Frameworks */ = {
			isa = PBXFrameworksBuildPhase;
			buildActionMask = 2147483647;
			files = (
			);
			runOnlyForDeploymentPostprocessing = 0;
		};
		3B55FA122B58003A00A67F54 /* Frameworks */ = {
			isa = PBXFrameworksBuildPhase;
			buildActionMask = 2147483647;
			files = (
			);
			runOnlyForDeploymentPostprocessing = 0;
		};
		3B55FA1C2B58003A00A67F54 /* Frameworks */ = {
			isa = PBXFrameworksBuildPhase;
			buildActionMask = 2147483647;
			files = (
			);
			runOnlyForDeploymentPostprocessing = 0;
		};
/* End PBXFrameworksBuildPhase section */

/* Begin PBXGroup section */
		3B55F9F72B58003900A67F54 = {
			isa = PBXGroup;
			children = (
				3B55FA022B58003900A67F54 /* BarChartApp */,
				3B55FA182B58003A00A67F54 /* BarChartAppTests */,
				3B55FA222B58003A00A67F54 /* BarChartAppUITests */,
				3B55FA012B58003900A67F54 /* Products */,
			);
			sourceTree = "<group>";
		};
		3B55FA012B58003900A67F54 /* Products */ = {
			isa = PBXGroup;
			children = (
				3B55FA002B58003900A67F54 /* BarChartApp.app */,
				3B55FA152B58003A00A67F54 /* BarChartAppTests.xctest */,
				3B55FA1F2B58003A00A67F54 /* BarChartAppUITests.xctest */,
			);
			name = Products;
			sourceTree = "<group>";
		};
		3B55FA022B58003900A67F54 /* BarChartApp */ = {
			isa = PBXGroup;
			children = (
				3B55FA032B58003900A67F54 /* BarChartAppApp.swift */,
				3B55FA052B58003900A67F54 /* ContentView.swift */,
				3B55FA072B58003A00A67F54 /* Assets.xcassets */,
				3B55FA0C2B58003A00A67F54 /* Persistence.swift */,
				3B55FA0E2B58003A00A67F54 /* BarChartApp.xcdatamodeld */,
				3B55FA092B58003A00A67F54 /* Preview Content */,
			);
			path = BarChartApp;
			sourceTree = "<group>";
		};
		3B55FA092B58003A00A67F54 /* Preview Content */ = {
			isa = PBXGroup;
			children = (
				3B55FA0A2B58003A00A67F54 /* Preview Assets.xcassets */,
			);
			path = "Preview Content";
			sourceTree = "<group>";
		};
		3B55FA182B58003A00A67F54 /* BarChartAppTests */ = {
			isa = PBXGroup;
			children = (
				3B55FA192B58003A00A67F54 /* BarChartAppTests.swift */,
			);
			path = BarChartAppTests;
			sourceTree = "<group>";
		};
		3B55FA222B58003A00A67F54 /* BarChartAppUITests */ = {
			isa = PBXGroup;
			children = (
				3B55FA232B58003A00A67F54 /* BarChartAppUITests.swift */,
				3B55FA252B58003A00A67F54 /* BarChartAppUITestsLaunchTests.swift */,
			);
			path = BarChartAppUITests;
			sourceTree = "<group>";
		};
/* End PBXGroup section */

/* Begin PBXNativeTarget section */
		3B55F9FF2B58003900A67F54 /* BarChartApp */ = {
			isa = PBXNativeTarget;
			buildConfigurationList = 3B55FA292B58003A00A67F54 /* Build configuration list for PBXNativeTarget "BarChartApp" */;
			buildPhases = (
				3B55F9FC2B58003900A67F54 /* Sources */,
				3B55F9FD2B58003900A67F54 /* Frameworks */,
				3B55F9FE2B58003900A67F54 /* Resources */,
			);
			buildRules = (
			);
			dependencies = (
			);
			name = BarChartApp;
			productName = BarChartApp;
			productReference = 3B55FA002B58003900A67F54 /* BarChartApp.app */;
			productType = "com.apple.product-type.application";
		};
		3B55FA142B58003A00A67F54 /* BarChartAppTests */ = {
			isa = PBXNativeTarget;
			buildConfigurationList = 3B55FA2C2B58003A00A67F54 /* Build configuration list for PBXNativeTarget "BarChartAppTests" */;
			buildPhases = (
				3B55FA112B58003A00A67F54 /* Sources */,
				3B55FA122B58003A00A67F54 /* Frameworks */,
				3B55FA132B58003A00A67F54 /* Resources */,
			);
			buildRules = (
			);
			dependencies = (
				3B55FA172B58003A00A67F54 /* PBXTargetDependency */,
			);
			name = BarChartAppTests;
			productName = BarChartAppTests;
			productReference = 3B55FA152B58003A00A67F54 /* BarChartAppTests.xctest */;
			productType = "com.apple.product-type.bundle.unit-test";
		};
		3B55FA1E2B58003A00A67F54 /* BarChartAppUITests */ = {
			isa = PBXNativeTarget;
			buildConfigurationList = 3B55FA2F2B58003A00A67F54 /* Build configuration list for PBXNativeTarget "BarChartAppUITests" */;
			buildPhases = (
				3B55FA1B2B58003A00A67F54 /* Sources */,
				3B55FA1C2B58003A00A67F54 /* Frameworks */,
				3B55FA1D2B58003A00A67F54 /* Resources */,
			);
			buildRules = (
			);
			dependencies = (
				3B55FA212B58003A00A67F54 /* PBXTargetDependency */,
			);
			name = BarChartAppUITests;
			productName = BarChartAppUITests;
			productReference = 3B55FA1F2B58003A00A67F54 /* BarChartAppUITests.xctest */;
			productType = "com.apple.product-type.bundle.ui-testing";
		};
/* End PBXNativeTarget section */

/* Begin PBXProject section */
		3B55F9F82B58003900A67F54 /* Project object */ = {
			isa = PBXProject;
			attributes = {
				BuildIndependentTargetsInParallel = 1;
				LastSwiftUpdateCheck = 1510;
				LastUpgradeCheck = 1510;
				TargetAttributes = {
					3B55F9FF2B58003900A67F54 = {
						CreatedOnToolsVersion = 15.1;
					};
					3B55FA142B58003A00A67F54 = {
						CreatedOnToolsVersion = 15.1;
						TestTargetID = 3B55F9FF2B58003900A67F54;
					};
					3B55FA1E2B58003A00A67F54 = {
						CreatedOnToolsVersion = 15.1;
						TestTargetID = 3B55F9FF2B58003900A67F54;
					};
				};
			};
			buildConfigurationList = 3B55F9FB2B58003900A67F54 /* Build configuration list for PBXProject "BarChartApp" */;
			compatibilityVersion = "Xcode 14.0";
			developmentRegion = en;
			hasScannedForEncodings = 0;
			knownRegions = (
				en,
				Base,
			);
			mainGroup = 3B55F9F72B58003900A67F54;
			productRefGroup = 3B55FA012B58003900A67F54 /* Products */;
			projectDirPath = "";
			projectRoot = "";
			targets = (
				3B55F9FF2B58003900A67F54 /* BarChartApp */,
				3B55FA142B58003A00A67F54 /* BarChartAppTests */,
				3B55FA1E2B58003A00A67F54 /* BarChartAppUITests */,
			);
		};
/* End PBXProject section */

/* Begin PBXResourcesBuildPhase section */
		3B55F9FE2B58003900A67F54 /* Resources */ = {
			isa = PBXResourcesBuildPhase;
			buildActionMask = 2147483647;
			files = (
				3B55FA0B2B58003A00A67F54 /* Preview Assets.xcassets in Resources */,
				3B55FA082B58003A00A67F54 /* Assets.xcassets in Resources */,
			);
			runOnlyForDeploymentPostprocessing = 0;
		};
		3B55FA132B58003A00A67F54 /* Resources */ = {
			isa = PBXResourcesBuildPhase;
			buildActionMask = 2147483647;
			files = (
			);
			runOnlyForDeploymentPostprocessing = 0;
		};
		3B55FA1D2B58003A00A67F54 /* Resources */ = {
			isa = PBXResourcesBuildPhase;
			buildActionMask = 2147483647;
			files = (
			);
			runOnlyForDeploymentPostprocessing = 0;
		};
/* End PBXResourcesBuildPhase section */

/* Begin PBXSourcesBuildPhase section */
		3B55F9FC2B58003900A67F54 /* Sources */ = {
			isa = PBXSourcesBuildPhase;
			buildActionMask = 2147483647;
			files = (
				3B55FA102B58003A00A67F54 /* BarChartApp.xcdatamodeld in Sources */,
				3B55FA0D2B58003A00A67F54 /* Persistence.swift in Sources */,
				3B55FA062B58003900A67F54 /* ContentView.swift in Sources */,
				3B55FA042B58003900A67F54 /* BarChartAppApp.swift in Sources */,
			);
			runOnlyForDeploymentPostprocessing = 0;
		};
		3B55FA112B58003A00A67F54 /* Sources */ = {
			isa = PBXSourcesBuildPhase;
			buildActionMask = 2147483647;
			files = (
				3B55FA1A2B58003A00A67F54 /* BarChartAppTests.swift in Sources */,
			);
			runOnlyForDeploymentPostprocessing = 0;
		};
		3B55FA1B2B58003A00A67F54 /* Sources */ = {
			isa = PBXSourcesBuildPhase;
			buildActionMask = 2147483647;
			files = (
				3B55FA242B58003A00A67F54 /* BarChartAppUITests.swift in Sources */,
				3B55FA262B58003A00A67F54 /* BarChartAppUITestsLaunchTests.swift in Sources */,
			);
			runOnlyForDeploymentPostprocessing = 0;
		};
/* End PBXSourcesBuildPhase section */

/* Begin PBXTargetDependency section */
		3B55FA172B58003A00A67F54 /* PBXTargetDependency */ = {
			isa = PBXTargetDependency;
			target = 3B55F9FF2B58003900A67F54 /* BarChartApp */;
			targetProxy = 3B55FA162B58003A00A67F54 /* PBXContainerItemProxy */;
		};
		3B55FA212B58003A00A67F54 /* PBXTargetDependency */ = {
			isa = PBXTargetDependency;
			target = 3B55F9FF2B58003900A67F54 /* BarChartApp */;
			targetProxy = 3B55FA202B58003A00A67F54 /* PBXContainerItemProxy */;
		};
/* End PBXTargetDependency section */

/* Begin XCBuildConfiguration section */
		3B55FA272B58003A00A67F54 /* Debug */ = {
			isa = XCBuildConfiguration;
			buildSettings = {
				ALWAYS_SEARCH_USER_PATHS = NO;
				ASSETCATALOG_COMPILER_GENERATE_SWIFT_ASSET_SYMBOL_EXTENSIONS = YES;
				CLANG_ANALYZER_NONNULL = YES;
				CLANG_ANALYZER_NUMBER_OBJECT_CONVERSION = YES_AGGRESSIVE;
				CLANG_CXX_LANGUAGE_STANDARD = "gnu++20";
				CLANG_ENABLE_MODULES = YES;
				CLANG_ENABLE_OBJC_ARC = YES;
				CLANG_ENABLE_OBJC_WEAK = YES;
				CLANG_WARN_BLOCK_CAPTURE_AUTORELEASING = YES;
				CLANG_WARN_BOOL_CONVERSION = YES;
				CLANG_WARN_COMMA = YES;
				CLANG_WARN_CONSTANT_CONVERSION = YES;
				CLANG_WARN_DEPRECATED_OBJC_IMPLEMENTATIONS = YES;
				CLANG_WARN_DIRECT_OBJC_ISA_USAGE = YES_ERROR;
				CLANG_WARN_DOCUMENTATION_COMMENTS = YES;
				CLANG_WARN_EMPTY_BODY = YES;
				CLANG_WARN_ENUM_CONVERSION = YES;
				CLANG_WARN_INFINITE_RECURSION = YES;
				CLANG_WARN_INT_CONVERSION = YES;
				CLANG_WARN_NON_LITERAL_NULL_CONVERSION = YES;
				CLANG_WARN_OBJC_IMPLICIT_RETAIN_SELF = YES;
				CLANG_WARN_OBJC_LITERAL_CONVERSION = YES;
				CLANG_WARN_OBJC_ROOT_CLASS = YES_ERROR;
				CLANG_WARN_QUOTED_INCLUDE_IN_FRAMEWORK_HEADER = YES;
				CLANG_WARN_RANGE_LOOP_ANALYSIS = YES;
				CLANG_WARN_STRICT_PROTOTYPES = YES;
				CLANG_WARN_SUSPICIOUS_MOVE = YES;
				CLANG_WARN_UNGUARDED_AVAILABILITY = YES_AGGRESSIVE;
				CLANG_WARN_UNREACHABLE_CODE = YES;
				CLANG_WARN__DUPLICATE_METHOD_MATCH = YES;
				COPY_PHASE_STRIP = NO;
				DEBUG_INFORMATION_FORMAT = dwarf;
				ENABLE_STRICT_OBJC_MSGSEND = YES;
				ENABLE_TESTABILITY = YES;
				ENABLE_USER_SCRIPT_SANDBOXING = YES;
				GCC_C_LANGUAGE_STANDARD = gnu17;
				GCC_DYNAMIC_NO_PIC = NO;
				GCC_NO_COMMON_BLOCKS = YES;
				GCC_OPTIMIZATION_LEVEL = 0;
				GCC_PREPROCESSOR_DEFINITIONS = (
					"DEBUG=1",
					"$(inherited)",
				);
				GCC_WARN_64_TO_32_BIT_CONVERSION = YES;
				GCC_WARN_ABOUT_RETURN_TYPE = YES_ERROR;
				GCC_WARN_UNDECLARED_SELECTOR = YES;
				GCC_WARN_UNINITIALIZED_AUTOS = YES_AGGRESSIVE;
				GCC_WARN_UNUSED_FUNCTION = YES;
				GCC_WARN_UNUSED_VARIABLE = YES;
				IPHONEOS_DEPLOYMENT_TARGET = 17.2;
				LOCALIZATION_PREFERS_STRING_CATALOGS = YES;
				MTL_ENABLE_DEBUG_INFO = INCLUDE_SOURCE;
				MTL_FAST_MATH = YES;
				ONLY_ACTIVE_ARCH = YES;
				SDKROOT = iphoneos;
				SWIFT_ACTIVE_COMPILATION_CONDITIONS = "DEBUG $(inherited)";
				SWIFT_OPTIMIZATION_LEVEL = "-Onone";
			};
			name = Debug;
		};
		3B55FA282B58003A00A67F54 /* Release */ = {
			isa = XCBuildConfiguration;
			buildSettings = {
				ALWAYS_SEARCH_USER_PATHS = NO;
				ASSETCATALOG_COMPILER_GENERATE_SWIFT_ASSET_SYMBOL_EXTENSIONS = YES;
				CLANG_ANALYZER_NONNULL = YES;
				CLANG_ANALYZER_NUMBER_OBJECT_CONVERSION = YES_AGGRESSIVE;
				CLANG_CXX_LANGUAGE_STANDARD = "gnu++20";
				CLANG_ENABLE_MODULES = YES;
				CLANG_ENABLE_OBJC_ARC = YES;
				CLANG_ENABLE_OBJC_WEAK = YES;
				CLANG_WARN_BLOCK_CAPTURE_AUTORELEASING = YES;
				CLANG_WARN_BOOL_CONVERSION = YES;
				CLANG_WARN_COMMA = YES;
				CLANG_WARN_CONSTANT_CONVERSION = YES;
				CLANG_WARN_DEPRECATED_OBJC_IMPLEMENTATIONS = YES;
				CLANG_WARN_DIRECT_OBJC_ISA_USAGE = YES_ERROR;
				CLANG_WARN_DOCUMENTATION_COMMENTS = YES;
				CLANG_WARN_EMPTY_BODY = YES;
				CLANG_WARN_ENUM_CONVERSION = YES;
				CLANG_WARN_INFINITE_RECURSION = YES;
				CLANG_WARN_INT_CONVERSION = YES;
				CLANG_WARN_NON_LITERAL_NULL_CONVERSION = YES;
				CLANG_WARN_OBJC_IMPLICIT_RETAIN_SELF = YES;
				CLANG_WARN_OBJC_LITERAL_CONVERSION = YES;
				CLANG_WARN_OBJC_ROOT_CLASS = YES_ERROR;
				CLANG_WARN_QUOTED_INCLUDE_IN_FRAMEWORK_HEADER = YES;
				CLANG_WARN_RANGE_LOOP_ANALYSIS = YES;
				CLANG_WARN_STRICT_PROTOTYPES = YES;
				CLANG_WARN_SUSPICIOUS_MOVE = YES;
				CLANG_WARN_UNGUARDED_AVAILABILITY = YES_AGGRESSIVE;
				CLANG_WARN_UNREACHABLE_CODE = YES;
				CLANG_WARN__DUPLICATE_METHOD_MATCH = YES;
				COPY_PHASE_STRIP = NO;
				DEBUG_INFORMATION_FORMAT = "dwarf-with-dsym";
				ENABLE_NS_ASSERTIONS = NO;
				ENABLE_STRICT_OBJC_MSGSEND = YES;
				ENABLE_USER_SCRIPT_SANDBOXING = YES;
				GCC_C_LANGUAGE_STANDARD = gnu17;
				GCC_NO_COMMON_BLOCKS = YES;
				GCC_WARN_64_TO_32_BIT_CONVERSION = YES;
				GCC_WARN_ABOUT_RETURN_TYPE = YES_ERROR;
				GCC_WARN_UNDECLARED_SELECTOR = YES;
				GCC_WARN_UNINITIALIZED_AUTOS = YES_AGGRESSIVE;
				GCC_WARN_UNUSED_FUNCTION = YES;
				GCC_WARN_UNUSED_VARIABLE = YES;
				IPHONEOS_DEPLOYMENT_TARGET = 17.2;
				LOCALIZATION_PREFERS_STRING_CATALOGS = YES;
				MTL_ENABLE_DEBUG_INFO = NO;
				MTL_FAST_MATH = YES;
				SDKROOT = iphoneos;
				SWIFT_COMPILATION_MODE = wholemodule;
				VALIDATE_PRODUCT = YES;
			};
			name = Release;
		};
		3B55FA2A2B58003A00A67F54 /* Debug */ = {
			isa = XCBuildConfiguration;
			buildSettings = {
				ASSETCATALOG_COMPILER_APPICON_NAME = AppIcon;
				ASSETCATALOG_COMPILER_GLOBAL_ACCENT_COLOR_NAME = AccentColor;
				CODE_SIGN_STYLE = Automatic;
				CURRENT_PROJECT_VERSION = 1;
				DEVELOPMENT_ASSET_PATHS = "\"BarChartApp/Preview Content\"";
				DEVELOPMENT_TEAM = MP9J987NN4;
				ENABLE_PREVIEWS = YES;
				GENERATE_INFOPLIST_FILE = YES;
				INFOPLIST_KEY_UIApplicationSceneManifest_Generation = YES;
				INFOPLIST_KEY_UIApplicationSupportsIndirectInputEvents = YES;
				INFOPLIST_KEY_UILaunchScreen_Generation = YES;
				INFOPLIST_KEY_UISupportedInterfaceOrientations_iPad = "UIInterfaceOrientationPortrait UIInterfaceOrientationPortraitUpsideDown UIInterfaceOrientationLandscapeLeft UIInterfaceOrientationLandscapeRight";
				INFOPLIST_KEY_UISupportedInterfaceOrientations_iPhone = "UIInterfaceOrientationPortrait UIInterfaceOrientationLandscapeLeft UIInterfaceOrientationLandscapeRight";
				LD_RUNPATH_SEARCH_PATHS = (
					"$(inherited)",
					"@executable_path/Frameworks",
				);
				MARKETING_VERSION = 1.0;
				PRODUCT_BUNDLE_IDENTIFIER = com.hiroyuki.shiraishi.BarChartApp;
				PRODUCT_NAME = "$(TARGET_NAME)";
				SWIFT_EMIT_LOC_STRINGS = YES;
				SWIFT_VERSION = 5.0;
				TARGETED_DEVICE_FAMILY = "1,2";
			};
			name = Debug;
		};
		3B55FA2B2B58003A00A67F54 /* Release */ = {
			isa = XCBuildConfiguration;
			buildSettings = {
				ASSETCATALOG_COMPILER_APPICON_NAME = AppIcon;
				ASSETCATALOG_COMPILER_GLOBAL_ACCENT_COLOR_NAME = AccentColor;
				CODE_SIGN_STYLE = Automatic;
				CURRENT_PROJECT_VERSION = 1;
				DEVELOPMENT_ASSET_PATHS = "\"BarChartApp/Preview Content\"";
				DEVELOPMENT_TEAM = MP9J987NN4;
				ENABLE_PREVIEWS = YES;
				GENERATE_INFOPLIST_FILE = YES;
				INFOPLIST_KEY_UIApplicationSceneManifest_Generation = YES;
				INFOPLIST_KEY_UIApplicationSupportsIndirectInputEvents = YES;
				INFOPLIST_KEY_UILaunchScreen_Generation = YES;
				INFOPLIST_KEY_UISupportedInterfaceOrientations_iPad = "UIInterfaceOrientationPortrait UIInterfaceOrientationPortraitUpsideDown UIInterfaceOrientationLandscapeLeft UIInterfaceOrientationLandscapeRight";
				INFOPLIST_KEY_UISupportedInterfaceOrientations_iPhone = "UIInterfaceOrientationPortrait UIInterfaceOrientationLandscapeLeft UIInterfaceOrientationLandscapeRight";
				LD_RUNPATH_SEARCH_PATHS = (
					"$(inherited)",
					"@executable_path/Frameworks",
				);
				MARKETING_VERSION = 1.0;
				PRODUCT_BUNDLE_IDENTIFIER = com.hiroyuki.shiraishi.BarChartApp;
				PRODUCT_NAME = "$(TARGET_NAME)";
				SWIFT_EMIT_LOC_STRINGS = YES;
				SWIFT_VERSION = 5.0;
				TARGETED_DEVICE_FAMILY = "1,2";
			};
			name = Release;
		};
		3B55FA2D2B58003A00A67F54 /* Debug */ = {
			isa = XCBuildConfiguration;
			buildSettings = {
				ALWAYS_EMBED_SWIFT_STANDARD_LIBRARIES = YES;
				BUNDLE_LOADER = "$(TEST_HOST)";
				CODE_SIGN_STYLE = Automatic;
				CURRENT_PROJECT_VERSION = 1;
				DEVELOPMENT_TEAM = MP9J987NN4;
				GENERATE_INFOPLIST_FILE = YES;
				IPHONEOS_DEPLOYMENT_TARGET = 17.2;
				MARKETING_VERSION = 1.0;
				PRODUCT_BUNDLE_IDENTIFIER = com.hiroyuki.shiraishi.BarChartAppTests;
				PRODUCT_NAME = "$(TARGET_NAME)";
				SWIFT_EMIT_LOC_STRINGS = NO;
				SWIFT_VERSION = 5.0;
				TARGETED_DEVICE_FAMILY = "1,2";
				TEST_HOST = "$(BUILT_PRODUCTS_DIR)/BarChartApp.app/$(BUNDLE_EXECUTABLE_FOLDER_PATH)/BarChartApp";
			};
			name = Debug;
		};
		3B55FA2E2B58003A00A67F54 /* Release */ = {
			isa = XCBuildConfiguration;
			buildSettings = {
				ALWAYS_EMBED_SWIFT_STANDARD_LIBRARIES = YES;
				BUNDLE_LOADER = "$(TEST_HOST)";
				CODE_SIGN_STYLE = Automatic;
				CURRENT_PROJECT_VERSION = 1;
				DEVELOPMENT_TEAM = MP9J987NN4;
				GENERATE_INFOPLIST_FILE = YES;
				IPHONEOS_DEPLOYMENT_TARGET = 17.2;
				MARKETING_VERSION = 1.0;
				PRODUCT_BUNDLE_IDENTIFIER = com.hiroyuki.shiraishi.BarChartAppTests;
				PRODUCT_NAME = "$(TARGET_NAME)";
				SWIFT_EMIT_LOC_STRINGS = NO;
				SWIFT_VERSION = 5.0;
				TARGETED_DEVICE_FAMILY = "1,2";
				TEST_HOST = "$(BUILT_PRODUCTS_DIR)/BarChartApp.app/$(BUNDLE_EXECUTABLE_FOLDER_PATH)/BarChartApp";
			};
			name = Release;
		};
		3B55FA302B58003A00A67F54 /* Debug */ = {
			isa = XCBuildConfiguration;
			buildSettings = {
				ALWAYS_EMBED_SWIFT_STANDARD_LIBRARIES = YES;
				CODE_SIGN_STYLE = Automatic;
				CURRENT_PROJECT_VERSION = 1;
				DEVELOPMENT_TEAM = MP9J987NN4;
				GENERATE_INFOPLIST_FILE = YES;
				MARKETING_VERSION = 1.0;
				PRODUCT_BUNDLE_IDENTIFIER = com.hiroyuki.shiraishi.BarChartAppUITests;
				PRODUCT_NAME = "$(TARGET_NAME)";
				SWIFT_EMIT_LOC_STRINGS = NO;
				SWIFT_VERSION = 5.0;
				TARGETED_DEVICE_FAMILY = "1,2";
				TEST_TARGET_NAME = BarChartApp;
			};
			name = Debug;
		};
		3B55FA312B58003A00A67F54 /* Release */ = {
			isa = XCBuildConfiguration;
			buildSettings = {
				ALWAYS_EMBED_SWIFT_STANDARD_LIBRARIES = YES;
				CODE_SIGN_STYLE = Automatic;
				CURRENT_PROJECT_VERSION = 1;
				DEVELOPMENT_TEAM = MP9J987NN4;
				GENERATE_INFOPLIST_FILE = YES;
				MARKETING_VERSION = 1.0;
				PRODUCT_BUNDLE_IDENTIFIER = com.hiroyuki.shiraishi.BarChartAppUITests;
				PRODUCT_NAME = "$(TARGET_NAME)";
				SWIFT_EMIT_LOC_STRINGS = NO;
				SWIFT_VERSION = 5.0;
				TARGETED_DEVICE_FAMILY = "1,2";
				TEST_TARGET_NAME = BarChartApp;
			};
			name = Release;
		};
/* End XCBuildConfiguration section */

/* Begin XCConfigurationList section */
		3B55F9FB2B58003900A67F54 /* Build configuration list for PBXProject "BarChartApp" */ = {
			isa = XCConfigurationList;
			buildConfigurations = (
				3B55FA272B58003A00A67F54 /* Debug */,
				3B55FA282B58003A00A67F54 /* Release */,
			);
			defaultConfigurationIsVisible = 0;
			defaultConfigurationName = Release;
		};
		3B55FA292B58003A00A67F54 /* Build configuration list for PBXNativeTarget "BarChartApp" */ = {
			isa = XCConfigurationList;
			buildConfigurations = (
				3B55FA2A2B58003A00A67F54 /* Debug */,
				3B55FA2B2B58003A00A67F54 /* Release */,
			);
			defaultConfigurationIsVisible = 0;
			defaultConfigurationName = Release;
		};
		3B55FA2C2B58003A00A67F54 /* Build configuration list for PBXNativeTarget "BarChartAppTests" */ = {
			isa = XCConfigurationList;
			buildConfigurations = (
				3B55FA2D2B58003A00A67F54 /* Debug */,
				3B55FA2E2B58003A00A67F54 /* Release */,
			);
			defaultConfigurationIsVisible = 0;
			defaultConfigurationName = Release;
		};
		3B55FA2F2B58003A00A67F54 /* Build configuration list for PBXNativeTarget "BarChartAppUITests" */ = {
			isa = XCConfigurationList;
			buildConfigurations = (
				3B55FA302B58003A00A67F54 /* Debug */,
				3B55FA312B58003A00A67F54 /* Release */,
			);
			defaultConfigurationIsVisible = 0;
			defaultConfigurationName = Release;
		};
/* End XCConfigurationList section */

/* Begin XCVersionGroup section */
		3B55FA0E2B58003A00A67F54 /* BarChartApp.xcdatamodeld */ = {
			isa = XCVersionGroup;
			children = (
				3B55FA0F2B58003A00A67F54 /* BarChartApp.xcdatamodel */,
			);
			currentVersion = 3B55FA0F2B58003A00A67F54 /* BarChartApp.xcdatamodel */;
			path = BarChartApp.xcdatamodeld;
			sourceTree = "<group>";
			versionGroupType = wrapper.xcdatamodel;
		};
/* End XCVersionGroup section */
	};
	rootObject = 3B55F9F82B58003900A67F54 /* Project object */;
}
