// !$*UTF8*$!
{
	archiveVersion = 1;
	classes = {
	};
	objectVersion = 56;
	objects = {

/* Begin PBXBuildFile section */
		3B0193DE2B34600100007083 /* AppDelegate.swift in Sources */ = {isa = PBXBuildFile; fileRef = 3B0193DD2B34600100007083 /* AppDelegate.swift */; };
		3B0193E02B34600100007083 /* SceneDelegate.swift in Sources */ = {isa = PBXBuildFile; fileRef = 3B0193DF2B34600100007083 /* SceneDelegate.swift */; };
		3B0193E22B34600100007083 /* ViewController.swift in Sources */ = {isa = PBXBuildFile; fileRef = 3B0193E12B34600100007083 /* ViewController.swift */; };
		3B0193E52B34600100007083 /* Main.storyboard in Resources */ = {isa = PBXBuildFile; fileRef = 3B0193E32B34600100007083 /* Main.storyboard */; };
		3B0193E82B34600100007083 /* CombineEX2.xcdatamodeld in Sources */ = {isa = PBXBuildFile; fileRef = 3B0193E62B34600100007083 /* CombineEX2.xcdatamodeld */; };
		3B0193EA2B34600300007083 /* Assets.xcassets in Resources */ = {isa = PBXBuildFile; fileRef = 3B0193E92B34600300007083 /* Assets.xcassets */; };
		3B0193ED2B34600300007083 /* LaunchScreen.storyboard in Resources */ = {isa = PBXBuildFile; fileRef = 3B0193EB2B34600300007083 /* LaunchScreen.storyboard */; };
		3B0193F72B34614F00007083 /* ViewControllerViewModel.swift in Sources */ = {isa = PBXBuildFile; fileRef = 3B0193F62B34614F00007083 /* ViewControllerViewModel.swift */; };
		3B0193F92B3461F900007083 /* CoinData.swift in Sources */ = {isa = PBXBuildFile; fileRef = 3B0193F82B3461F900007083 /* CoinData.swift */; };
		3B0193FB2B34679100007083 /* AppContext.swift in Sources */ = {isa = PBXBuildFile; fileRef = 3B0193FA2B34679100007083 /* AppContext.swift */; };
		3B0193FD2B36C34B00007083 /* UnSplashData.swift in Sources */ = {isa = PBXBuildFile; fileRef = 3B0193FC2B36C34B00007083 /* UnSplashData.swift */; };
		3BF1D1D12B36CDA400798117 /* APIManager.swift in Sources */ = {isa = PBXBuildFile; fileRef = 3BF1D1CF2B36CD7F00798117 /* APIManager.swift */; };
		3BF1D1D42B36EB6200798117 /* TestCell.swift in Sources */ = {isa = PBXBuildFile; fileRef = 3BF1D1D22B36EB6200798117 /* TestCell.swift */; };
		3BF1D1D52B36EB6200798117 /* TestCell.xib in Resources */ = {isa = PBXBuildFile; fileRef = 3BF1D1D32B36EB6200798117 /* TestCell.xib */; };
		3BF1D1E32B36FCDE00798117 /* UnSplash-AppContext.swift in Sources */ = {isa = PBXBuildFile; fileRef = 3BF1D1E22B36FCDE00798117 /* UnSplash-AppContext.swift */; };
		3BF1D1E52B36FD0000798117 /* Coin-AppContext.swift in Sources */ = {isa = PBXBuildFile; fileRef = 3BF1D1E42B36FD0000798117 /* Coin-AppContext.swift */; };
		3BF1D1E82B3716AA00798117 /* MainSwiftUI.swift in Sources */ = {isa = PBXBuildFile; fileRef = 3BF1D1E72B3716AA00798117 /* MainSwiftUI.swift */; };
		3BF1D1EC2B371AA500798117 /* MainSwiftItem.swift in Sources */ = {isa = PBXBuildFile; fileRef = 3BF1D1EB2B371AA500798117 /* MainSwiftItem.swift */; };
		3BF1D1EF2B371CEA00798117 /* Kingfisher in Frameworks */ = {isa = PBXBuildFile; productRef = 3BF1D1EE2B371CEA00798117 /* Kingfisher */; };
		3BF1D1F12B371CFF00798117 /* ImageManager.swift in Sources */ = {isa = PBXBuildFile; fileRef = 3BF1D1F02B371CFF00798117 /* ImageManager.swift */; };
		3BF1D1F42B371D4F00798117 /* UserDefaultsKeys.swift in Sources */ = {isa = PBXBuildFile; fileRef = 3BF1D1F32B371D4F00798117 /* UserDefaultsKeys.swift */; };
/* End PBXBuildFile section */

/* Begin PBXFileReference section */
		3B0193DA2B34600100007083 /* CombineEX2.app */ = {isa = PBXFileReference; explicitFileType = wrapper.application; includeInIndex = 0; path = CombineEX2.app; sourceTree = BUILT_PRODUCTS_DIR; };
		3B0193DD2B34600100007083 /* AppDelegate.swift */ = {isa = PBXFileReference; lastKnownFileType = sourcecode.swift; path = AppDelegate.swift; sourceTree = "<group>"; };
		3B0193DF2B34600100007083 /* SceneDelegate.swift */ = {isa = PBXFileReference; lastKnownFileType = sourcecode.swift; path = SceneDelegate.swift; sourceTree = "<group>"; };
		3B0193E12B34600100007083 /* ViewController.swift */ = {isa = PBXFileReference; lastKnownFileType = sourcecode.swift; path = ViewController.swift; sourceTree = "<group>"; };
		3B0193E42B34600100007083 /* Base */ = {isa = PBXFileReference; lastKnownFileType = file.storyboard; name = Base; path = Base.lproj/Main.storyboard; sourceTree = "<group>"; };
		3B0193E72B34600100007083 /* CombineEX2.xcdatamodel */ = {isa = PBXFileReference; lastKnownFileType = wrapper.xcdatamodel; path = CombineEX2.xcdatamodel; sourceTree = "<group>"; };
		3B0193E92B34600300007083 /* Assets.xcassets */ = {isa = PBXFileReference; lastKnownFileType = folder.assetcatalog; path = Assets.xcassets; sourceTree = "<group>"; };
		3B0193EC2B34600300007083 /* Base */ = {isa = PBXFileReference; lastKnownFileType = file.storyboard; name = Base; path = Base.lproj/LaunchScreen.storyboard; sourceTree = "<group>"; };
		3B0193EE2B34600300007083 /* Info.plist */ = {isa = PBXFileReference; lastKnownFileType = text.plist.xml; path = Info.plist; sourceTree = "<group>"; };
		3B0193F62B34614F00007083 /* ViewControllerViewModel.swift */ = {isa = PBXFileReference; lastKnownFileType = sourcecode.swift; path = ViewControllerViewModel.swift; sourceTree = "<group>"; };
		3B0193F82B3461F900007083 /* CoinData.swift */ = {isa = PBXFileReference; lastKnownFileType = sourcecode.swift; path = CoinData.swift; sourceTree = "<group>"; };
		3B0193FA2B34679100007083 /* AppContext.swift */ = {isa = PBXFileReference; lastKnownFileType = sourcecode.swift; path = AppContext.swift; sourceTree = "<group>"; };
		3B0193FC2B36C34B00007083 /* UnSplashData.swift */ = {isa = PBXFileReference; lastKnownFileType = sourcecode.swift; path = UnSplashData.swift; sourceTree = "<group>"; };
		3BF1D1CF2B36CD7F00798117 /* APIManager.swift */ = {isa = PBXFileReference; lastKnownFileType = sourcecode.swift; path = APIManager.swift; sourceTree = "<group>"; };
		3BF1D1D22B36EB6200798117 /* TestCell.swift */ = {isa = PBXFileReference; lastKnownFileType = sourcecode.swift; path = TestCell.swift; sourceTree = "<group>"; };
		3BF1D1D32B36EB6200798117 /* TestCell.xib */ = {isa = PBXFileReference; lastKnownFileType = file.xib; path = TestCell.xib; sourceTree = "<group>"; };
		3BF1D1E22B36FCDE00798117 /* UnSplash-AppContext.swift */ = {isa = PBXFileReference; lastKnownFileType = sourcecode.swift; path = "UnSplash-AppContext.swift"; sourceTree = "<group>"; };
		3BF1D1E42B36FD0000798117 /* Coin-AppContext.swift */ = {isa = PBXFileReference; lastKnownFileType = sourcecode.swift; path = "Coin-AppContext.swift"; sourceTree = "<group>"; };
		3BF1D1E62B3701F400798117 /* README.md */ = {isa = PBXFileReference; lastKnownFileType = net.daringfireball.markdown; path = README.md; sourceTree = "<group>"; };
		3BF1D1E72B3716AA00798117 /* MainSwiftUI.swift */ = {isa = PBXFileReference; lastKnownFileType = sourcecode.swift; path = MainSwiftUI.swift; sourceTree = "<group>"; };
		3BF1D1EB2B371AA500798117 /* MainSwiftItem.swift */ = {isa = PBXFileReference; lastKnownFileType = sourcecode.swift; path = MainSwiftItem.swift; sourceTree = "<group>"; };
		3BF1D1F02B371CFF00798117 /* ImageManager.swift */ = {isa = PBXFileReference; lastKnownFileType = sourcecode.swift; path = ImageManager.swift; sourceTree = "<group>"; };
		3BF1D1F32B371D4F00798117 /* UserDefaultsKeys.swift */ = {isa = PBXFileReference; lastKnownFileType = sourcecode.swift; path = UserDefaultsKeys.swift; sourceTree = "<group>"; };
/* End PBXFileReference section */

/* Begin PBXFrameworksBuildPhase section */
		3B0193D72B34600100007083 /* Frameworks */ = {
			isa = PBXFrameworksBuildPhase;
			buildActionMask = 2147483647;
			files = (
				3BF1D1EF2B371CEA00798117 /* Kingfisher in Frameworks */,
			);
			runOnlyForDeploymentPostprocessing = 0;
		};
/* End PBXFrameworksBuildPhase section */

/* Begin PBXGroup section */
		3B0193D12B34600100007083 = {
			isa = PBXGroup;
			children = (
				3BF1D1E62B3701F400798117 /* README.md */,
				3B0193DC2B34600100007083 /* CombineEX2 */,
				3B0193DB2B34600100007083 /* Products */,
			);
			sourceTree = "<group>";
		};
		3B0193DB2B34600100007083 /* Products */ = {
			isa = PBXGroup;
			children = (
				3B0193DA2B34600100007083 /* CombineEX2.app */,
			);
			name = Products;
			sourceTree = "<group>";
		};
		3B0193DC2B34600100007083 /* CombineEX2 */ = {
			isa = PBXGroup;
			children = (
				3B0193DD2B34600100007083 /* AppDelegate.swift */,
				3B0193DF2B34600100007083 /* SceneDelegate.swift */,
				3B0193EE2B34600300007083 /* Info.plist */,
				3BF1D1D62B36F4E400798117 /* Model */,
				3BF1D1D82B36F4F300798117 /* View */,
				3BF1D1D72B36F4E900798117 /* ViewModel */,
				3BF1D1DA2B36F9BE00798117 /* Service */,
				3BF1D1D92B36F4FF00798117 /* Supporting */,
				3BF1D1F22B371D3D00798117 /* Util */,
			);
			path = CombineEX2;
			sourceTree = "<group>";
		};
		3BF1D1D62B36F4E400798117 /* Model */ = {
			isa = PBXGroup;
			children = (
				3BF1D1DE2B36FC2A00798117 /* Data */,
			);
			path = Model;
			sourceTree = "<group>";
		};
		3BF1D1D72B36F4E900798117 /* ViewModel */ = {
			isa = PBXGroup;
			children = (
				3B0193F62B34614F00007083 /* ViewControllerViewModel.swift */,
			);
			path = ViewModel;
			sourceTree = "<group>";
		};
		3BF1D1D82B36F4F300798117 /* View */ = {
			isa = PBXGroup;
			children = (
				3BF1D1E92B371A7100798117 /* MainSwiftUI */,
				3BF1D1DF2B36FC4800798117 /* LaunchScreen */,
				3BF1D1DC2B36FBFB00798117 /* Main */,
			);
			path = View;
			sourceTree = "<group>";
		};
		3BF1D1D92B36F4FF00798117 /* Supporting */ = {
			isa = PBXGroup;
			children = (
				3B0193E92B34600300007083 /* Assets.xcassets */,
				3B0193E62B34600100007083 /* CombineEX2.xcdatamodeld */,
			);
			path = Supporting;
			sourceTree = "<group>";
		};
		3BF1D1DA2B36F9BE00798117 /* Service */ = {
			isa = PBXGroup;
			children = (
				3BF1D1CF2B36CD7F00798117 /* APIManager.swift */,
				3BF1D1F02B371CFF00798117 /* ImageManager.swift */,
				3B0193FA2B34679100007083 /* AppContext.swift */,
				3BF1D1E12B36FCB000798117 /* Coin */,
				3BF1D1E02B36FCAB00798117 /* UnSplash */,
			);
			path = Service;
			sourceTree = "<group>";
		};
		3BF1D1DC2B36FBFB00798117 /* Main */ = {
			isa = PBXGroup;
			children = (
				3BF1D1DD2B36FC0E00798117 /* TableViewCell */,
				3B0193E12B34600100007083 /* ViewController.swift */,
				3B0193E32B34600100007083 /* Main.storyboard */,
			);
			path = Main;
			sourceTree = "<group>";
		};
		3BF1D1DD2B36FC0E00798117 /* TableViewCell */ = {
			isa = PBXGroup;
			children = (
				3BF1D1D22B36EB6200798117 /* TestCell.swift */,
				3BF1D1D32B36EB6200798117 /* TestCell.xib */,
			);
			path = TableViewCell;
			sourceTree = "<group>";
		};
		3BF1D1DE2B36FC2A00798117 /* Data */ = {
			isa = PBXGroup;
			children = (
				3B0193FC2B36C34B00007083 /* UnSplashData.swift */,
				3B0193F82B3461F900007083 /* CoinData.swift */,
			);
			path = Data;
			sourceTree = "<group>";
		};
		3BF1D1DF2B36FC4800798117 /* LaunchScreen */ = {
			isa = PBXGroup;
			children = (
				3B0193EB2B34600300007083 /* LaunchScreen.storyboard */,
			);
			path = LaunchScreen;
			sourceTree = "<group>";
		};
		3BF1D1E02B36FCAB00798117 /* UnSplash */ = {
			isa = PBXGroup;
			children = (
				3BF1D1E22B36FCDE00798117 /* UnSplash-AppContext.swift */,
			);
			path = UnSplash;
			sourceTree = "<group>";
		};
		3BF1D1E12B36FCB000798117 /* Coin */ = {
			isa = PBXGroup;
			children = (
				3BF1D1E42B36FD0000798117 /* Coin-AppContext.swift */,
			);
			path = Coin;
			sourceTree = "<group>";
		};
		3BF1D1E92B371A7100798117 /* MainSwiftUI */ = {
			isa = PBXGroup;
			children = (
				3BF1D1E72B3716AA00798117 /* MainSwiftUI.swift */,
				3BF1D1EA2B371A8100798117 /* Component */,
			);
			path = MainSwiftUI;
			sourceTree = "<group>";
		};
		3BF1D1EA2B371A8100798117 /* Component */ = {
			isa = PBXGroup;
			children = (
				3BF1D1EB2B371AA500798117 /* MainSwiftItem.swift */,
			);
			path = Component;
			sourceTree = "<group>";
		};
		3BF1D1F22B371D3D00798117 /* Util */ = {
			isa = PBXGroup;
			children = (
				3BF1D1F32B371D4F00798117 /* UserDefaultsKeys.swift */,
			);
			path = Util;
			sourceTree = "<group>";
		};
/* End PBXGroup section */

/* Begin PBXNativeTarget section */
		3B0193D92B34600100007083 /* CombineEX2 */ = {
			isa = PBXNativeTarget;
			buildConfigurationList = 3B0193F12B34600300007083 /* Build configuration list for PBXNativeTarget "CombineEX2" */;
			buildPhases = (
				3B0193D62B34600100007083 /* Sources */,
				3B0193D72B34600100007083 /* Frameworks */,
				3B0193D82B34600100007083 /* Resources */,
			);
			buildRules = (
			);
			dependencies = (
			);
			name = CombineEX2;
			packageProductDependencies = (
				3BF1D1EE2B371CEA00798117 /* Kingfisher */,
			);
			productName = CombineEX2;
			productReference = 3B0193DA2B34600100007083 /* CombineEX2.app */;
			productType = "com.apple.product-type.application";
		};
/* End PBXNativeTarget section */

/* Begin PBXProject section */
		3B0193D22B34600100007083 /* Project object */ = {
			isa = PBXProject;
			attributes = {
				BuildIndependentTargetsInParallel = 1;
				LastSwiftUpdateCheck = 1510;
				LastUpgradeCheck = 1510;
				TargetAttributes = {
					3B0193D92B34600100007083 = {
						CreatedOnToolsVersion = 15.1;
					};
				};
			};
			buildConfigurationList = 3B0193D52B34600100007083 /* Build configuration list for PBXProject "CombineEX2" */;
			compatibilityVersion = "Xcode 14.0";
			developmentRegion = en;
			hasScannedForEncodings = 0;
			knownRegions = (
				en,
				Base,
			);
			mainGroup = 3B0193D12B34600100007083;
			packageReferences = (
				3BF1D1ED2B371CEA00798117 /* XCRemoteSwiftPackageReference "Kingfisher" */,
			);
			productRefGroup = 3B0193DB2B34600100007083 /* Products */;
			projectDirPath = "";
			projectRoot = "";
			targets = (
				3B0193D92B34600100007083 /* CombineEX2 */,
			);
		};
/* End PBXProject section */

/* Begin PBXResourcesBuildPhase section */
		3B0193D82B34600100007083 /* Resources */ = {
			isa = PBXResourcesBuildPhase;
			buildActionMask = 2147483647;
			files = (
				3B0193ED2B34600300007083 /* LaunchScreen.storyboard in Resources */,
				3BF1D1D52B36EB6200798117 /* TestCell.xib in Resources */,
				3B0193EA2B34600300007083 /* Assets.xcassets in Resources */,
				3B0193E52B34600100007083 /* Main.storyboard in Resources */,
			);
			runOnlyForDeploymentPostprocessing = 0;
		};
/* End PBXResourcesBuildPhase section */

/* Begin PBXSourcesBuildPhase section */
		3B0193D62B34600100007083 /* Sources */ = {
			isa = PBXSourcesBuildPhase;
			buildActionMask = 2147483647;
			files = (
				3B0193F92B3461F900007083 /* CoinData.swift in Sources */,
				3B0193FB2B34679100007083 /* AppContext.swift in Sources */,
				3B0193E22B34600100007083 /* ViewController.swift in Sources */,
				3BF1D1EC2B371AA500798117 /* MainSwiftItem.swift in Sources */,
				3BF1D1F42B371D4F00798117 /* UserDefaultsKeys.swift in Sources */,
				3BF1D1D12B36CDA400798117 /* APIManager.swift in Sources */,
				3BF1D1E82B3716AA00798117 /* MainSwiftUI.swift in Sources */,
				3BF1D1F12B371CFF00798117 /* ImageManager.swift in Sources */,
				3BF1D1E32B36FCDE00798117 /* UnSplash-AppContext.swift in Sources */,
				3B0193F72B34614F00007083 /* ViewControllerViewModel.swift in Sources */,
				3B0193DE2B34600100007083 /* AppDelegate.swift in Sources */,
				3B0193E02B34600100007083 /* SceneDelegate.swift in Sources */,
				3BF1D1E52B36FD0000798117 /* Coin-AppContext.swift in Sources */,
				3BF1D1D42B36EB6200798117 /* TestCell.swift in Sources */,
				3B0193E82B34600100007083 /* CombineEX2.xcdatamodeld in Sources */,
				3B0193FD2B36C34B00007083 /* UnSplashData.swift in Sources */,
			);
			runOnlyForDeploymentPostprocessing = 0;
		};
/* End PBXSourcesBuildPhase section */

/* Begin PBXVariantGroup section */
		3B0193E32B34600100007083 /* Main.storyboard */ = {
			isa = PBXVariantGroup;
			children = (
				3B0193E42B34600100007083 /* Base */,
			);
			name = Main.storyboard;
			sourceTree = "<group>";
		};
		3B0193EB2B34600300007083 /* LaunchScreen.storyboard */ = {
			isa = PBXVariantGroup;
			children = (
				3B0193EC2B34600300007083 /* Base */,
			);
			name = LaunchScreen.storyboard;
			sourceTree = "<group>";
		};
/* End PBXVariantGroup section */

/* Begin XCBuildConfiguration section */
		3B0193EF2B34600300007083 /* Debug */ = {
			isa = XCBuildConfiguration;
			buildSettings = {
				ALWAYS_SEARCH_USER_PATHS = NO;
				ASSETCATALOG_COMPILER_GENERATE_SWIFT_ASSET_SYMBOL_EXTENSIONS = YES;
				CLANG_ANALYZER_NONNULL = YES;
				CLANG_ANALYZER_NUMBER_OBJECT_CONVERSION = YES_AGGRESSIVE;
				CLANG_CXX_LANGUAGE_STANDARD = "gnu++20";
				CLANG_ENABLE_MODULES = YES;
				CLANG_ENABLE_OBJC_ARC = YES;
				CLANG_ENABLE_OBJC_WEAK = YES;
				CLANG_WARN_BLOCK_CAPTURE_AUTORELEASING = YES;
				CLANG_WARN_BOOL_CONVERSION = YES;
				CLANG_WARN_COMMA = YES;
				CLANG_WARN_CONSTANT_CONVERSION = YES;
				CLANG_WARN_DEPRECATED_OBJC_IMPLEMENTATIONS = YES;
				CLANG_WARN_DIRECT_OBJC_ISA_USAGE = YES_ERROR;
				CLANG_WARN_DOCUMENTATION_COMMENTS = YES;
				CLANG_WARN_EMPTY_BODY = YES;
				CLANG_WARN_ENUM_CONVERSION = YES;
				CLANG_WARN_INFINITE_RECURSION = YES;
				CLANG_WARN_INT_CONVERSION = YES;
				CLANG_WARN_NON_LITERAL_NULL_CONVERSION = YES;
				CLANG_WARN_OBJC_IMPLICIT_RETAIN_SELF = YES;
				CLANG_WARN_OBJC_LITERAL_CONVERSION = YES;
				CLANG_WARN_OBJC_ROOT_CLASS = YES_ERROR;
				CLANG_WARN_QUOTED_INCLUDE_IN_FRAMEWORK_HEADER = YES;
				CLANG_WARN_RANGE_LOOP_ANALYSIS = YES;
				CLANG_WARN_STRICT_PROTOTYPES = YES;
				CLANG_WARN_SUSPICIOUS_MOVE = YES;
				CLANG_WARN_UNGUARDED_AVAILABILITY = YES_AGGRESSIVE;
				CLANG_WARN_UNREACHABLE_CODE = YES;
				CLANG_WARN__DUPLICATE_METHOD_MATCH = YES;
				COPY_PHASE_STRIP = NO;
				DEBUG_INFORMATION_FORMAT = dwarf;
				ENABLE_STRICT_OBJC_MSGSEND = YES;
				ENABLE_TESTABILITY = YES;
				ENABLE_USER_SCRIPT_SANDBOXING = YES;
				GCC_C_LANGUAGE_STANDARD = gnu17;
				GCC_DYNAMIC_NO_PIC = NO;
				GCC_NO_COMMON_BLOCKS = YES;
				GCC_OPTIMIZATION_LEVEL = 0;
				GCC_PREPROCESSOR_DEFINITIONS = (
					"DEBUG=1",
					"$(inherited)",
				);
				GCC_WARN_64_TO_32_BIT_CONVERSION = YES;
				GCC_WARN_ABOUT_RETURN_TYPE = YES_ERROR;
				GCC_WARN_UNDECLARED_SELECTOR = YES;
				GCC_WARN_UNINITIALIZED_AUTOS = YES_AGGRESSIVE;
				GCC_WARN_UNUSED_FUNCTION = YES;
				GCC_WARN_UNUSED_VARIABLE = YES;
				IPHONEOS_DEPLOYMENT_TARGET = 17.2;
				LOCALIZATION_PREFERS_STRING_CATALOGS = YES;
				MTL_ENABLE_DEBUG_INFO = INCLUDE_SOURCE;
				MTL_FAST_MATH = YES;
				ONLY_ACTIVE_ARCH = YES;
				SDKROOT = iphoneos;
				SWIFT_ACTIVE_COMPILATION_CONDITIONS = "DEBUG $(inherited)";
				SWIFT_OPTIMIZATION_LEVEL = "-Onone";
			};
			name = Debug;
		};
		3B0193F02B34600300007083 /* Release */ = {
			isa = XCBuildConfiguration;
			buildSettings = {
				ALWAYS_SEARCH_USER_PATHS = NO;
				ASSETCATALOG_COMPILER_GENERATE_SWIFT_ASSET_SYMBOL_EXTENSIONS = YES;
				CLANG_ANALYZER_NONNULL = YES;
				CLANG_ANALYZER_NUMBER_OBJECT_CONVERSION = YES_AGGRESSIVE;
				CLANG_CXX_LANGUAGE_STANDARD = "gnu++20";
				CLANG_ENABLE_MODULES = YES;
				CLANG_ENABLE_OBJC_ARC = YES;
				CLANG_ENABLE_OBJC_WEAK = YES;
				CLANG_WARN_BLOCK_CAPTURE_AUTORELEASING = YES;
				CLANG_WARN_BOOL_CONVERSION = YES;
				CLANG_WARN_COMMA = YES;
				CLANG_WARN_CONSTANT_CONVERSION = YES;
				CLANG_WARN_DEPRECATED_OBJC_IMPLEMENTATIONS = YES;
				CLANG_WARN_DIRECT_OBJC_ISA_USAGE = YES_ERROR;
				CLANG_WARN_DOCUMENTATION_COMMENTS = YES;
				CLANG_WARN_EMPTY_BODY = YES;
				CLANG_WARN_ENUM_CONVERSION = YES;
				CLANG_WARN_INFINITE_RECURSION = YES;
				CLANG_WARN_INT_CONVERSION = YES;
				CLANG_WARN_NON_LITERAL_NULL_CONVERSION = YES;
				CLANG_WARN_OBJC_IMPLICIT_RETAIN_SELF = YES;
				CLANG_WARN_OBJC_LITERAL_CONVERSION = YES;
				CLANG_WARN_OBJC_ROOT_CLASS = YES_ERROR;
				CLANG_WARN_QUOTED_INCLUDE_IN_FRAMEWORK_HEADER = YES;
				CLANG_WARN_RANGE_LOOP_ANALYSIS = YES;
				CLANG_WARN_STRICT_PROTOTYPES = YES;
				CLANG_WARN_SUSPICIOUS_MOVE = YES;
				CLANG_WARN_UNGUARDED_AVAILABILITY = YES_AGGRESSIVE;
				CLANG_WARN_UNREACHABLE_CODE = YES;
				CLANG_WARN__DUPLICATE_METHOD_MATCH = YES;
				COPY_PHASE_STRIP = NO;
				DEBUG_INFORMATION_FORMAT = "dwarf-with-dsym";
				ENABLE_NS_ASSERTIONS = NO;
				ENABLE_STRICT_OBJC_MSGSEND = YES;
				ENABLE_USER_SCRIPT_SANDBOXING = YES;
				GCC_C_LANGUAGE_STANDARD = gnu17;
				GCC_NO_COMMON_BLOCKS = YES;
				GCC_WARN_64_TO_32_BIT_CONVERSION = YES;
				GCC_WARN_ABOUT_RETURN_TYPE = YES_ERROR;
				GCC_WARN_UNDECLARED_SELECTOR = YES;
				GCC_WARN_UNINITIALIZED_AUTOS = YES_AGGRESSIVE;
				GCC_WARN_UNUSED_FUNCTION = YES;
				GCC_WARN_UNUSED_VARIABLE = YES;
				IPHONEOS_DEPLOYMENT_TARGET = 17.2;
				LOCALIZATION_PREFERS_STRING_CATALOGS = YES;
				MTL_ENABLE_DEBUG_INFO = NO;
				MTL_FAST_MATH = YES;
				SDKROOT = iphoneos;
				SWIFT_COMPILATION_MODE = wholemodule;
				VALIDATE_PRODUCT = YES;
			};
			name = Release;
		};
		3B0193F22B34600300007083 /* Debug */ = {
			isa = XCBuildConfiguration;
			buildSettings = {
				ASSETCATALOG_COMPILER_APPICON_NAME = AppIcon;
				ASSETCATALOG_COMPILER_GLOBAL_ACCENT_COLOR_NAME = AccentColor;
				CODE_SIGN_STYLE = Automatic;
				CURRENT_PROJECT_VERSION = 1;
				DEVELOPMENT_TEAM = MP9J987NN4;
				GENERATE_INFOPLIST_FILE = YES;
				INFOPLIST_FILE = CombineEX2/Info.plist;
				INFOPLIST_KEY_UIApplicationSupportsIndirectInputEvents = YES;
				INFOPLIST_KEY_UILaunchStoryboardName = LaunchScreen;
				INFOPLIST_KEY_UIMainStoryboardFile = Main;
				INFOPLIST_KEY_UISupportedInterfaceOrientations_iPad = "UIInterfaceOrientationPortrait UIInterfaceOrientationPortraitUpsideDown UIInterfaceOrientationLandscapeLeft UIInterfaceOrientationLandscapeRight";
				INFOPLIST_KEY_UISupportedInterfaceOrientations_iPhone = "UIInterfaceOrientationPortrait UIInterfaceOrientationLandscapeLeft UIInterfaceOrientationLandscapeRight";
				LD_RUNPATH_SEARCH_PATHS = (
					"$(inherited)",
					"@executable_path/Frameworks",
				);
				MARKETING_VERSION = 1.0;
				PRODUCT_BUNDLE_IDENTIFIER = com.hiroyuki.shiraishi.CombineEX2;
				PRODUCT_NAME = "$(TARGET_NAME)";
				SWIFT_EMIT_LOC_STRINGS = YES;
				SWIFT_VERSION = 5.0;
				TARGETED_DEVICE_FAMILY = "1,2";
			};
			name = Debug;
		};
		3B0193F32B34600300007083 /* Release */ = {
			isa = XCBuildConfiguration;
			buildSettings = {
				ASSETCATALOG_COMPILER_APPICON_NAME = AppIcon;
				ASSETCATALOG_COMPILER_GLOBAL_ACCENT_COLOR_NAME = AccentColor;
				CODE_SIGN_STYLE = Automatic;
				CURRENT_PROJECT_VERSION = 1;
				DEVELOPMENT_TEAM = MP9J987NN4;
				GENERATE_INFOPLIST_FILE = YES;
				INFOPLIST_FILE = CombineEX2/Info.plist;
				INFOPLIST_KEY_UIApplicationSupportsIndirectInputEvents = YES;
				INFOPLIST_KEY_UILaunchStoryboardName = LaunchScreen;
				INFOPLIST_KEY_UIMainStoryboardFile = Main;
				INFOPLIST_KEY_UISupportedInterfaceOrientations_iPad = "UIInterfaceOrientationPortrait UIInterfaceOrientationPortraitUpsideDown UIInterfaceOrientationLandscapeLeft UIInterfaceOrientationLandscapeRight";
				INFOPLIST_KEY_UISupportedInterfaceOrientations_iPhone = "UIInterfaceOrientationPortrait UIInterfaceOrientationLandscapeLeft UIInterfaceOrientationLandscapeRight";
				LD_RUNPATH_SEARCH_PATHS = (
					"$(inherited)",
					"@executable_path/Frameworks",
				);
				MARKETING_VERSION = 1.0;
				PRODUCT_BUNDLE_IDENTIFIER = com.hiroyuki.shiraishi.CombineEX2;
				PRODUCT_NAME = "$(TARGET_NAME)";
				SWIFT_EMIT_LOC_STRINGS = YES;
				SWIFT_VERSION = 5.0;
				TARGETED_DEVICE_FAMILY = "1,2";
			};
			name = Release;
		};
/* End XCBuildConfiguration section */

/* Begin XCConfigurationList section */
		3B0193D52B34600100007083 /* Build configuration list for PBXProject "CombineEX2" */ = {
			isa = XCConfigurationList;
			buildConfigurations = (
				3B0193EF2B34600300007083 /* Debug */,
				3B0193F02B34600300007083 /* Release */,
			);
			defaultConfigurationIsVisible = 0;
			defaultConfigurationName = Release;
		};
		3B0193F12B34600300007083 /* Build configuration list for PBXNativeTarget "CombineEX2" */ = {
			isa = XCConfigurationList;
			buildConfigurations = (
				3B0193F22B34600300007083 /* Debug */,
				3B0193F32B34600300007083 /* Release */,
			);
			defaultConfigurationIsVisible = 0;
			defaultConfigurationName = Release;
		};
/* End XCConfigurationList section */

/* Begin XCRemoteSwiftPackageReference section */
		3BF1D1ED2B371CEA00798117 /* XCRemoteSwiftPackageReference "Kingfisher" */ = {
			isa = XCRemoteSwiftPackageReference;
			repositoryURL = "https://github.com/onevcat/Kingfisher.git";
			requirement = {
				kind = upToNextMajorVersion;
				minimumVersion = 7.10.1;
			};
		};
/* End XCRemoteSwiftPackageReference section */

/* Begin XCSwiftPackageProductDependency section */
		3BF1D1EE2B371CEA00798117 /* Kingfisher */ = {
			isa = XCSwiftPackageProductDependency;
			package = 3BF1D1ED2B371CEA00798117 /* XCRemoteSwiftPackageReference "Kingfisher" */;
			productName = Kingfisher;
		};
/* End XCSwiftPackageProductDependency section */

/* Begin XCVersionGroup section */
		3B0193E62B34600100007083 /* CombineEX2.xcdatamodeld */ = {
			isa = XCVersionGroup;
			children = (
				3B0193E72B34600100007083 /* CombineEX2.xcdatamodel */,
			);
			currentVersion = 3B0193E72B34600100007083 /* CombineEX2.xcdatamodel */;
			path = CombineEX2.xcdatamodeld;
			sourceTree = "<group>";
			versionGroupType = wrapper.xcdatamodel;
		};
/* End XCVersionGroup section */
	};
	rootObject = 3B0193D22B34600100007083 /* Project object */;
}
