// !$*UTF8*$!
{
	archiveVersion = 1;
	classes = {
	};
	objectVersion = 56;
	objects = {

/* Begin PBXBuildFile section */
		3B81CEE42AD47EF900222169 /* Restart_AppApp.swift in Sources */ = {isa = PBXBuildFile; fileRef = 3B81CEE32AD47EF900222169 /* Restart_AppApp.swift */; };
		3B81CEE62AD47EF900222169 /* ContentView.swift in Sources */ = {isa = PBXBuildFile; fileRef = 3B81CEE52AD47EF900222169 /* ContentView.swift */; };
		3B81CEE82AD47EFA00222169 /* Assets.xcassets in Resources */ = {isa = PBXBuildFile; fileRef = 3B81CEE72AD47EFA00222169 /* Assets.xcassets */; };
		3B81CEEB2AD47EFA00222169 /* Preview Assets.xcassets in Resources */ = {isa = PBXBuildFile; fileRef = 3B81CEEA2AD47EFA00222169 /* Preview Assets.xcassets */; };
		3B81CEED2AD47EFA00222169 /* Persistence.swift in Sources */ = {isa = PBXBuildFile; fileRef = 3B81CEEC2AD47EFA00222169 /* Persistence.swift */; };
		3B81CEF02AD47EFA00222169 /* Restart_App.xcdatamodeld in Sources */ = {isa = PBXBuildFile; fileRef = 3B81CEEE2AD47EFA00222169 /* Restart_App.xcdatamodeld */; };
		3B81CEF72AD47FEF00222169 /* Sounds in Resources */ = {isa = PBXBuildFile; fileRef = 3B81CEF62AD47FEF00222169 /* Sounds */; };
		3B81CEFD2AD4820000222169 /* Localizable.strings in Resources */ = {isa = PBXBuildFile; fileRef = 3B81CEFC2AD4820000222169 /* Localizable.strings */; };
		3B81CF032AD483BB00222169 /* OnboardingView.swift in Sources */ = {isa = PBXBuildFile; fileRef = 3B81CF022AD483BB00222169 /* OnboardingView.swift */; };
		3B81CF052AD483CA00222169 /* HomeView.swift in Sources */ = {isa = PBXBuildFile; fileRef = 3B81CF042AD483CA00222169 /* HomeView.swift */; };
		3B81CF092AD8060800222169 /* CycleGroupView.swift in Sources */ = {isa = PBXBuildFile; fileRef = 3B81CF082AD8060800222169 /* CycleGroupView.swift */; };
		3B81CF0B2ADA88D300222169 /* AudioPlayer-Extension.swift in Sources */ = {isa = PBXBuildFile; fileRef = 3B81CF0A2ADA88D300222169 /* AudioPlayer-Extension.swift */; };
		3B81CF0E2ADA8C0000222169 /* success.m4a in Resources */ = {isa = PBXBuildFile; fileRef = 3B81CF0C2ADA8C0000222169 /* success.m4a */; };
		3B81CF0F2ADA8C0000222169 /* chimeup.mp3 in Resources */ = {isa = PBXBuildFile; fileRef = 3B81CF0D2ADA8C0000222169 /* chimeup.mp3 */; };
		3B81CF112ADA8D1700222169 /* AudioPlayer.swift in Sources */ = {isa = PBXBuildFile; fileRef = 3B81CF102ADA8D1700222169 /* AudioPlayer.swift */; };
/* End PBXBuildFile section */

/* Begin PBXFileReference section */
		3B81CEE02AD47EF900222169 /* Restart-App.app */ = {isa = PBXFileReference; explicitFileType = wrapper.application; includeInIndex = 0; path = "Restart-App.app"; sourceTree = BUILT_PRODUCTS_DIR; };
		3B81CEE32AD47EF900222169 /* Restart_AppApp.swift */ = {isa = PBXFileReference; lastKnownFileType = sourcecode.swift; path = Restart_AppApp.swift; sourceTree = "<group>"; };
		3B81CEE52AD47EF900222169 /* ContentView.swift */ = {isa = PBXFileReference; lastKnownFileType = sourcecode.swift; path = ContentView.swift; sourceTree = "<group>"; };
		3B81CEE72AD47EFA00222169 /* Assets.xcassets */ = {isa = PBXFileReference; lastKnownFileType = folder.assetcatalog; path = Assets.xcassets; sourceTree = "<group>"; };
		3B81CEEA2AD47EFA00222169 /* Preview Assets.xcassets */ = {isa = PBXFileReference; lastKnownFileType = folder.assetcatalog; path = "Preview Assets.xcassets"; sourceTree = "<group>"; };
		3B81CEEC2AD47EFA00222169 /* Persistence.swift */ = {isa = PBXFileReference; lastKnownFileType = sourcecode.swift; path = Persistence.swift; sourceTree = "<group>"; };
		3B81CEEF2AD47EFA00222169 /* Restart_App.xcdatamodel */ = {isa = PBXFileReference; lastKnownFileType = wrapper.xcdatamodel; path = Restart_App.xcdatamodel; sourceTree = "<group>"; };
		3B81CEF62AD47FEF00222169 /* Sounds */ = {isa = PBXFileReference; lastKnownFileType = folder; path = Sounds; sourceTree = "<group>"; };
		3B81CEFC2AD4820000222169 /* Localizable.strings */ = {isa = PBXFileReference; lastKnownFileType = text.plist.strings; path = Localizable.strings; sourceTree = "<group>"; };
		3B81CEFF2AD4831C00222169 /* Info.plist */ = {isa = PBXFileReference; lastKnownFileType = text.plist; path = Info.plist; sourceTree = "<group>"; };
		3B81CF022AD483BB00222169 /* OnboardingView.swift */ = {isa = PBXFileReference; lastKnownFileType = sourcecode.swift; path = OnboardingView.swift; sourceTree = "<group>"; };
		3B81CF042AD483CA00222169 /* HomeView.swift */ = {isa = PBXFileReference; lastKnownFileType = sourcecode.swift; path = HomeView.swift; sourceTree = "<group>"; };
		3B81CF082AD8060800222169 /* CycleGroupView.swift */ = {isa = PBXFileReference; lastKnownFileType = sourcecode.swift; path = CycleGroupView.swift; sourceTree = "<group>"; };
		3B81CF0A2ADA88D300222169 /* AudioPlayer-Extension.swift */ = {isa = PBXFileReference; lastKnownFileType = sourcecode.swift; path = "AudioPlayer-Extension.swift"; sourceTree = "<group>"; };
		3B81CF0C2ADA8C0000222169 /* success.m4a */ = {isa = PBXFileReference; lastKnownFileType = file; path = success.m4a; sourceTree = "<group>"; };
		3B81CF0D2ADA8C0000222169 /* chimeup.mp3 */ = {isa = PBXFileReference; lastKnownFileType = audio.mp3; path = chimeup.mp3; sourceTree = "<group>"; };
		3B81CF102ADA8D1700222169 /* AudioPlayer.swift */ = {isa = PBXFileReference; fileEncoding = 4; lastKnownFileType = sourcecode.swift; path = AudioPlayer.swift; sourceTree = "<group>"; };
/* End PBXFileReference section */

/* Begin PBXFrameworksBuildPhase section */
		3B81CEDD2AD47EF900222169 /* Frameworks */ = {
			isa = PBXFrameworksBuildPhase;
			buildActionMask = 2147483647;
			files = (
			);
			runOnlyForDeploymentPostprocessing = 0;
		};
/* End PBXFrameworksBuildPhase section */

/* Begin PBXGroup section */
		3B81CED72AD47EF900222169 = {
			isa = PBXGroup;
			children = (
				3B81CEE22AD47EF900222169 /* Restart-App */,
				3B81CEE12AD47EF900222169 /* Products */,
			);
			sourceTree = "<group>";
		};
		3B81CEE12AD47EF900222169 /* Products */ = {
			isa = PBXGroup;
			children = (
				3B81CEE02AD47EF900222169 /* Restart-App.app */,
			);
			name = Products;
			sourceTree = "<group>";
		};
		3B81CEE22AD47EF900222169 /* Restart-App */ = {
			isa = PBXGroup;
			children = (
				3B81CEFF2AD4831C00222169 /* Info.plist */,
				3B81CEE32AD47EF900222169 /* Restart_AppApp.swift */,
				3B81CEF92AD481CC00222169 /* Models */,
				3B81CEF82AD481C500222169 /* Views */,
				3B81CEFA2AD481D200222169 /* ViewModels */,
				3B81CEFB2AD481E200222169 /* Supporting */,
				3B81CEE92AD47EFA00222169 /* Preview Content */,
				3B81CEFE2AD4823C00222169 /* Extension */,
				3B81CEE52AD47EF900222169 /* ContentView.swift */,
				3B81CEEC2AD47EFA00222169 /* Persistence.swift */,
				3B81CEEE2AD47EFA00222169 /* Restart_App.xcdatamodeld */,
				3B81CF0D2ADA8C0000222169 /* chimeup.mp3 */,
				3B81CF0C2ADA8C0000222169 /* success.m4a */,
				3B81CF102ADA8D1700222169 /* AudioPlayer.swift */,
			);
			path = "Restart-App";
			sourceTree = "<group>";
		};
		3B81CEE92AD47EFA00222169 /* Preview Content */ = {
			isa = PBXGroup;
			children = (
				3B81CEEA2AD47EFA00222169 /* Preview Assets.xcassets */,
			);
			path = "Preview Content";
			sourceTree = "<group>";
		};
		3B81CEF82AD481C500222169 /* Views */ = {
			isa = PBXGroup;
			children = (
				3B81CF022AD483BB00222169 /* OnboardingView.swift */,
				3B81CF042AD483CA00222169 /* HomeView.swift */,
				3B81CF082AD8060800222169 /* CycleGroupView.swift */,
			);
			path = Views;
			sourceTree = "<group>";
		};
		3B81CEF92AD481CC00222169 /* Models */ = {
			isa = PBXGroup;
			children = (
			);
			path = Models;
			sourceTree = "<group>";
		};
		3B81CEFA2AD481D200222169 /* ViewModels */ = {
			isa = PBXGroup;
			children = (
			);
			path = ViewModels;
			sourceTree = "<group>";
		};
		3B81CEFB2AD481E200222169 /* Supporting */ = {
			isa = PBXGroup;
			children = (
				3B81CEE72AD47EFA00222169 /* Assets.xcassets */,
				3B81CEF62AD47FEF00222169 /* Sounds */,
				3B81CEFC2AD4820000222169 /* Localizable.strings */,
			);
			path = Supporting;
			sourceTree = "<group>";
		};
		3B81CEFE2AD4823C00222169 /* Extension */ = {
			isa = PBXGroup;
			children = (
				3B81CF0A2ADA88D300222169 /* AudioPlayer-Extension.swift */,
			);
			path = Extension;
			sourceTree = "<group>";
		};
/* End PBXGroup section */

/* Begin PBXNativeTarget section */
		3B81CEDF2AD47EF900222169 /* Restart-App */ = {
			isa = PBXNativeTarget;
			buildConfigurationList = 3B81CEF32AD47EFA00222169 /* Build configuration list for PBXNativeTarget "Restart-App" */;
			buildPhases = (
				3B81CEDC2AD47EF900222169 /* Sources */,
				3B81CEDD2AD47EF900222169 /* Frameworks */,
				3B81CEDE2AD47EF900222169 /* Resources */,
			);
			buildRules = (
			);
			dependencies = (
			);
			name = "Restart-App";
			productName = "Restart-App";
			productReference = 3B81CEE02AD47EF900222169 /* Restart-App.app */;
			productType = "com.apple.product-type.application";
		};
/* End PBXNativeTarget section */

/* Begin PBXProject section */
		3B81CED82AD47EF900222169 /* Project object */ = {
			isa = PBXProject;
			attributes = {
				BuildIndependentTargetsInParallel = 1;
				LastSwiftUpdateCheck = 1500;
				LastUpgradeCheck = 1500;
				TargetAttributes = {
					3B81CEDF2AD47EF900222169 = {
						CreatedOnToolsVersion = 15.0;
					};
				};
			};
			buildConfigurationList = 3B81CEDB2AD47EF900222169 /* Build configuration list for PBXProject "Restart-App" */;
			compatibilityVersion = "Xcode 14.0";
			developmentRegion = en;
			hasScannedForEncodings = 0;
			knownRegions = (
				en,
				Base,
			);
			mainGroup = 3B81CED72AD47EF900222169;
			productRefGroup = 3B81CEE12AD47EF900222169 /* Products */;
			projectDirPath = "";
			projectRoot = "";
			targets = (
				3B81CEDF2AD47EF900222169 /* Restart-App */,
			);
		};
/* End PBXProject section */

/* Begin PBXResourcesBuildPhase section */
		3B81CEDE2AD47EF900222169 /* Resources */ = {
			isa = PBXResourcesBuildPhase;
			buildActionMask = 2147483647;
			files = (
				3B81CF0F2ADA8C0000222169 /* chimeup.mp3 in Resources */,
				3B81CEF72AD47FEF00222169 /* Sounds in Resources */,
				3B81CF0E2ADA8C0000222169 /* success.m4a in Resources */,
				3B81CEFD2AD4820000222169 /* Localizable.strings in Resources */,
				3B81CEEB2AD47EFA00222169 /* Preview Assets.xcassets in Resources */,
				3B81CEE82AD47EFA00222169 /* Assets.xcassets in Resources */,
			);
			runOnlyForDeploymentPostprocessing = 0;
		};
/* End PBXResourcesBuildPhase section */

/* Begin PBXSourcesBuildPhase section */
		3B81CEDC2AD47EF900222169 /* Sources */ = {
			isa = PBXSourcesBuildPhase;
			buildActionMask = 2147483647;
			files = (
				3B81CEED2AD47EFA00222169 /* Persistence.swift in Sources */,
				3B81CEF02AD47EFA00222169 /* Restart_App.xcdatamodeld in Sources */,
				3B81CF112ADA8D1700222169 /* AudioPlayer.swift in Sources */,
				3B81CEE62AD47EF900222169 /* ContentView.swift in Sources */,
				3B81CF052AD483CA00222169 /* HomeView.swift in Sources */,
				3B81CF092AD8060800222169 /* CycleGroupView.swift in Sources */,
				3B81CF032AD483BB00222169 /* OnboardingView.swift in Sources */,
				3B81CEE42AD47EF900222169 /* Restart_AppApp.swift in Sources */,
				3B81CF0B2ADA88D300222169 /* AudioPlayer-Extension.swift in Sources */,
			);
			runOnlyForDeploymentPostprocessing = 0;
		};
/* End PBXSourcesBuildPhase section */

/* Begin XCBuildConfiguration section */
		3B81CEF12AD47EFA00222169 /* Debug */ = {
			isa = XCBuildConfiguration;
			buildSettings = {
				ALWAYS_SEARCH_USER_PATHS = NO;
				ASSETCATALOG_COMPILER_GENERATE_SWIFT_ASSET_SYMBOL_EXTENSIONS = YES;
				CLANG_ANALYZER_NONNULL = YES;
				CLANG_ANALYZER_NUMBER_OBJECT_CONVERSION = YES_AGGRESSIVE;
				CLANG_CXX_LANGUAGE_STANDARD = "gnu++20";
				CLANG_ENABLE_MODULES = YES;
				CLANG_ENABLE_OBJC_ARC = YES;
				CLANG_ENABLE_OBJC_WEAK = YES;
				CLANG_WARN_BLOCK_CAPTURE_AUTORELEASING = YES;
				CLANG_WARN_BOOL_CONVERSION = YES;
				CLANG_WARN_COMMA = YES;
				CLANG_WARN_CONSTANT_CONVERSION = YES;
				CLANG_WARN_DEPRECATED_OBJC_IMPLEMENTATIONS = YES;
				CLANG_WARN_DIRECT_OBJC_ISA_USAGE = YES_ERROR;
				CLANG_WARN_DOCUMENTATION_COMMENTS = YES;
				CLANG_WARN_EMPTY_BODY = YES;
				CLANG_WARN_ENUM_CONVERSION = YES;
				CLANG_WARN_INFINITE_RECURSION = YES;
				CLANG_WARN_INT_CONVERSION = YES;
				CLANG_WARN_NON_LITERAL_NULL_CONVERSION = YES;
				CLANG_WARN_OBJC_IMPLICIT_RETAIN_SELF = YES;
				CLANG_WARN_OBJC_LITERAL_CONVERSION = YES;
				CLANG_WARN_OBJC_ROOT_CLASS = YES_ERROR;
				CLANG_WARN_QUOTED_INCLUDE_IN_FRAMEWORK_HEADER = YES;
				CLANG_WARN_RANGE_LOOP_ANALYSIS = YES;
				CLANG_WARN_STRICT_PROTOTYPES = YES;
				CLANG_WARN_SUSPICIOUS_MOVE = YES;
				CLANG_WARN_UNGUARDED_AVAILABILITY = YES_AGGRESSIVE;
				CLANG_WARN_UNREACHABLE_CODE = YES;
				CLANG_WARN__DUPLICATE_METHOD_MATCH = YES;
				COPY_PHASE_STRIP = NO;
				DEBUG_INFORMATION_FORMAT = dwarf;
				ENABLE_STRICT_OBJC_MSGSEND = YES;
				ENABLE_TESTABILITY = YES;
				ENABLE_USER_SCRIPT_SANDBOXING = YES;
				GCC_C_LANGUAGE_STANDARD = gnu17;
				GCC_DYNAMIC_NO_PIC = NO;
				GCC_NO_COMMON_BLOCKS = YES;
				GCC_OPTIMIZATION_LEVEL = 0;
				GCC_PREPROCESSOR_DEFINITIONS = (
					"DEBUG=1",
					"$(inherited)",
				);
				GCC_WARN_64_TO_32_BIT_CONVERSION = YES;
				GCC_WARN_ABOUT_RETURN_TYPE = YES_ERROR;
				GCC_WARN_UNDECLARED_SELECTOR = YES;
				GCC_WARN_UNINITIALIZED_AUTOS = YES_AGGRESSIVE;
				GCC_WARN_UNUSED_FUNCTION = YES;
				GCC_WARN_UNUSED_VARIABLE = YES;
				IPHONEOS_DEPLOYMENT_TARGET = 17.0;
				LOCALIZATION_PREFERS_STRING_CATALOGS = YES;
				MTL_ENABLE_DEBUG_INFO = INCLUDE_SOURCE;
				MTL_FAST_MATH = YES;
				ONLY_ACTIVE_ARCH = YES;
				SDKROOT = iphoneos;
				SWIFT_ACTIVE_COMPILATION_CONDITIONS = "DEBUG $(inherited)";
				SWIFT_OPTIMIZATION_LEVEL = "-Onone";
			};
			name = Debug;
		};
		3B81CEF22AD47EFA00222169 /* Release */ = {
			isa = XCBuildConfiguration;
			buildSettings = {
				ALWAYS_SEARCH_USER_PATHS = NO;
				ASSETCATALOG_COMPILER_GENERATE_SWIFT_ASSET_SYMBOL_EXTENSIONS = YES;
				CLANG_ANALYZER_NONNULL = YES;
				CLANG_ANALYZER_NUMBER_OBJECT_CONVERSION = YES_AGGRESSIVE;
				CLANG_CXX_LANGUAGE_STANDARD = "gnu++20";
				CLANG_ENABLE_MODULES = YES;
				CLANG_ENABLE_OBJC_ARC = YES;
				CLANG_ENABLE_OBJC_WEAK = YES;
				CLANG_WARN_BLOCK_CAPTURE_AUTORELEASING = YES;
				CLANG_WARN_BOOL_CONVERSION = YES;
				CLANG_WARN_COMMA = YES;
				CLANG_WARN_CONSTANT_CONVERSION = YES;
				CLANG_WARN_DEPRECATED_OBJC_IMPLEMENTATIONS = YES;
				CLANG_WARN_DIRECT_OBJC_ISA_USAGE = YES_ERROR;
				CLANG_WARN_DOCUMENTATION_COMMENTS = YES;
				CLANG_WARN_EMPTY_BODY = YES;
				CLANG_WARN_ENUM_CONVERSION = YES;
				CLANG_WARN_INFINITE_RECURSION = YES;
				CLANG_WARN_INT_CONVERSION = YES;
				CLANG_WARN_NON_LITERAL_NULL_CONVERSION = YES;
				CLANG_WARN_OBJC_IMPLICIT_RETAIN_SELF = YES;
				CLANG_WARN_OBJC_LITERAL_CONVERSION = YES;
				CLANG_WARN_OBJC_ROOT_CLASS = YES_ERROR;
				CLANG_WARN_QUOTED_INCLUDE_IN_FRAMEWORK_HEADER = YES;
				CLANG_WARN_RANGE_LOOP_ANALYSIS = YES;
				CLANG_WARN_STRICT_PROTOTYPES = YES;
				CLANG_WARN_SUSPICIOUS_MOVE = YES;
				CLANG_WARN_UNGUARDED_AVAILABILITY = YES_AGGRESSIVE;
				CLANG_WARN_UNREACHABLE_CODE = YES;
				CLANG_WARN__DUPLICATE_METHOD_MATCH = YES;
				COPY_PHASE_STRIP = NO;
				DEBUG_INFORMATION_FORMAT = "dwarf-with-dsym";
				ENABLE_NS_ASSERTIONS = NO;
				ENABLE_STRICT_OBJC_MSGSEND = YES;
				ENABLE_USER_SCRIPT_SANDBOXING = YES;
				GCC_C_LANGUAGE_STANDARD = gnu17;
				GCC_NO_COMMON_BLOCKS = YES;
				GCC_WARN_64_TO_32_BIT_CONVERSION = YES;
				GCC_WARN_ABOUT_RETURN_TYPE = YES_ERROR;
				GCC_WARN_UNDECLARED_SELECTOR = YES;
				GCC_WARN_UNINITIALIZED_AUTOS = YES_AGGRESSIVE;
				GCC_WARN_UNUSED_FUNCTION = YES;
				GCC_WARN_UNUSED_VARIABLE = YES;
				IPHONEOS_DEPLOYMENT_TARGET = 17.0;
				LOCALIZATION_PREFERS_STRING_CATALOGS = YES;
				MTL_ENABLE_DEBUG_INFO = NO;
				MTL_FAST_MATH = YES;
				SDKROOT = iphoneos;
				SWIFT_COMPILATION_MODE = wholemodule;
				VALIDATE_PRODUCT = YES;
			};
			name = Release;
		};
		3B81CEF42AD47EFA00222169 /* Debug */ = {
			isa = XCBuildConfiguration;
			buildSettings = {
				ASSETCATALOG_COMPILER_APPICON_NAME = AppIcon;
				ASSETCATALOG_COMPILER_GLOBAL_ACCENT_COLOR_NAME = AccentColor;
				CODE_SIGN_STYLE = Automatic;
				CURRENT_PROJECT_VERSION = 1;
				DEVELOPMENT_ASSET_PATHS = "\"Restart-App/Preview Content\"";
				DEVELOPMENT_TEAM = MP9J987NN4;
				ENABLE_PREVIEWS = YES;
				GENERATE_INFOPLIST_FILE = YES;
				INFOPLIST_FILE = "Restart-App/Info.plist";
				INFOPLIST_KEY_UIApplicationSceneManifest_Generation = YES;
				INFOPLIST_KEY_UIApplicationSupportsIndirectInputEvents = YES;
				INFOPLIST_KEY_UISupportedInterfaceOrientations_iPad = "UIInterfaceOrientationPortrait UIInterfaceOrientationPortraitUpsideDown UIInterfaceOrientationLandscapeLeft UIInterfaceOrientationLandscapeRight";
				INFOPLIST_KEY_UISupportedInterfaceOrientations_iPhone = UIInterfaceOrientationPortrait;
				LD_RUNPATH_SEARCH_PATHS = (
					"$(inherited)",
					"@executable_path/Frameworks",
				);
				MARKETING_VERSION = 1.0;
				PRODUCT_BUNDLE_IDENTIFIER = "com.hiroyuki.shiraishi.Restart-App";
				PRODUCT_NAME = "$(TARGET_NAME)";
				SWIFT_EMIT_LOC_STRINGS = YES;
				SWIFT_VERSION = 5.0;
				TARGETED_DEVICE_FAMILY = "1,2";
			};
			name = Debug;
		};
		3B81CEF52AD47EFA00222169 /* Release */ = {
			isa = XCBuildConfiguration;
			buildSettings = {
				ASSETCATALOG_COMPILER_APPICON_NAME = AppIcon;
				ASSETCATALOG_COMPILER_GLOBAL_ACCENT_COLOR_NAME = AccentColor;
				CODE_SIGN_STYLE = Automatic;
				CURRENT_PROJECT_VERSION = 1;
				DEVELOPMENT_ASSET_PATHS = "\"Restart-App/Preview Content\"";
				DEVELOPMENT_TEAM = MP9J987NN4;
				ENABLE_PREVIEWS = YES;
				GENERATE_INFOPLIST_FILE = YES;
				INFOPLIST_FILE = "Restart-App/Info.plist";
				INFOPLIST_KEY_UIApplicationSceneManifest_Generation = YES;
				INFOPLIST_KEY_UIApplicationSupportsIndirectInputEvents = YES;
				INFOPLIST_KEY_UISupportedInterfaceOrientations_iPad = "UIInterfaceOrientationPortrait UIInterfaceOrientationPortraitUpsideDown UIInterfaceOrientationLandscapeLeft UIInterfaceOrientationLandscapeRight";
				INFOPLIST_KEY_UISupportedInterfaceOrientations_iPhone = UIInterfaceOrientationPortrait;
				LD_RUNPATH_SEARCH_PATHS = (
					"$(inherited)",
					"@executable_path/Frameworks",
				);
				MARKETING_VERSION = 1.0;
				PRODUCT_BUNDLE_IDENTIFIER = "com.hiroyuki.shiraishi.Restart-App";
				PRODUCT_NAME = "$(TARGET_NAME)";
				SWIFT_EMIT_LOC_STRINGS = YES;
				SWIFT_VERSION = 5.0;
				TARGETED_DEVICE_FAMILY = "1,2";
			};
			name = Release;
		};
/* End XCBuildConfiguration section */

/* Begin XCConfigurationList section */
		3B81CEDB2AD47EF900222169 /* Build configuration list for PBXProject "Restart-App" */ = {
			isa = XCConfigurationList;
			buildConfigurations = (
				3B81CEF12AD47EFA00222169 /* Debug */,
				3B81CEF22AD47EFA00222169 /* Release */,
			);
			defaultConfigurationIsVisible = 0;
			defaultConfigurationName = Release;
		};
		3B81CEF32AD47EFA00222169 /* Build configuration list for PBXNativeTarget "Restart-App" */ = {
			isa = XCConfigurationList;
			buildConfigurations = (
				3B81CEF42AD47EFA00222169 /* Debug */,
				3B81CEF52AD47EFA00222169 /* Release */,
			);
			defaultConfigurationIsVisible = 0;
			defaultConfigurationName = Release;
		};
/* End XCConfigurationList section */

/* Begin XCVersionGroup section */
		3B81CEEE2AD47EFA00222169 /* Restart_App.xcdatamodeld */ = {
			isa = XCVersionGroup;
			children = (
				3B81CEEF2AD47EFA00222169 /* Restart_App.xcdatamodel */,
			);
			currentVersion = 3B81CEEF2AD47EFA00222169 /* Restart_App.xcdatamodel */;
			path = Restart_App.xcdatamodeld;
			sourceTree = "<group>";
			versionGroupType = wrapper.xcdatamodel;
		};
/* End XCVersionGroup section */
	};
	rootObject = 3B81CED82AD47EF900222169 /* Project object */;
}
